
Microsoft Visual Studio Solution File, Format Version 12.00
# Visual Studio Version 17
VisualStudioVersion = 17.3.32929.385
MinimumVisualStudioVersion = 10.0.40219.1
Project("{9A19103F-16F7-4668-BE54-9A1E7A4F7556}") = "Intro", "Intro\Intro.csproj", "{35F85D60-9358-43BA-95D6-F02FC131FF4C}"
EndProject
Project("{9A19103F-16F7-4668-BE54-9A1E7A4F7556}") = "Сonditions and Сycles", "Сonditions and Сycles\Сonditions and Сycles.csproj", "{F03C9FFE-A783-4AC6-8699-2399495B3DE5}"
EndProject
Project("{9A19103F-16F7-4668-BE54-9A1E7A4F7556}") = "Arrays", "Arrays\Arrays.csproj", "{E0820553-C58B-4622-BABD-036FC86CC50C}"
EndProject
Project("{9A19103F-16F7-4668-BE54-9A1E7A4F7556}") = "Processes", "Processes\Processes.csproj", "{255FC55A-2EC3-42FC-B60C-FB8A0F3B37FC}"
EndProject
Project("{9A19103F-16F7-4668-BE54-9A1E7A4F7556}") = "Classes", "Classes\Classes.csproj", "{9B63AE4A-9450-441E-8DFB-B6FE7F39B9B4}"
EndProject
Project("{9A19103F-16F7-4668-BE54-9A1E7A4F7556}") = "Arrays Extra", "Arrays Extra\Arrays Extra.csproj", "{222AC974-28B0-42A3-B0FC-BAA3E214F0DA}"
EndProject
Project("{9A19103F-16F7-4668-BE54-9A1E7A4F7556}") = "Inheritance", "Inheritance\Inheritance.csproj", "{25B1270A-8076-4FB0-BD48-47C9BA82B6A5}"
EndProject
Project("{9A19103F-16F7-4668-BE54-9A1E7A4F7556}") = "Early binding", "Early binding\Early binding.csproj", "{475DFDD8-A8EF-496B-B27B-D59067A8C143}"
EndProject
Project("{9A19103F-16F7-4668-BE54-9A1E7A4F7556}") = "Composition and agregation", "Composition and agregation\Composition and agregation.csproj", "{74DEF645-43D2-43FF-BB79-DC2D6BADDAE5}"
EndProject
Project("{9A19103F-16F7-4668-BE54-9A1E7A4F7556}") = "Interface", "Interface\Interface.csproj", "{0871207E-0351-4FC4-9BAC-3ECCB2CBF300}"
EndProject
Project("{2150E333-8FDC-42A3-9474-1A3956D46DE8}") = "FirstSemester", "FirstSemester", "{1A23DEBA-7A6A-4F8E-9241-BA69F9A7D533}"
EndProject
Project("{2150E333-8FDC-42A3-9474-1A3956D46DE8}") = "SecondSemester", "SecondSemester", "{BBA1EF25-6025-432A-9A62-C1D2CDA81B73}"
EndProject
Global
	GlobalSection(SolutionConfigurationPlatforms) = preSolution
		Debug|Any CPU = Debug|Any CPU
		Release|Any CPU = Release|Any CPU
	EndGlobalSection
	GlobalSection(ProjectConfigurationPlatforms) = postSolution
		{35F85D60-9358-43BA-95D6-F02FC131FF4C}.Debug|Any CPU.ActiveCfg = Debug|Any CPU
		{35F85D60-9358-43BA-95D6-F02FC131FF4C}.Debug|Any CPU.Build.0 = Debug|Any CPU
		{35F85D60-9358-43BA-95D6-F02FC131FF4C}.Release|Any CPU.ActiveCfg = Release|Any CPU
		{35F85D60-9358-43BA-95D6-F02FC131FF4C}.Release|Any CPU.Build.0 = Release|Any CPU
		{F03C9FFE-A783-4AC6-8699-2399495B3DE5}.Debug|Any CPU.ActiveCfg = Debug|Any CPU
		{F03C9FFE-A783-4AC6-8699-2399495B3DE5}.Debug|Any CPU.Build.0 = Debug|Any CPU
		{F03C9FFE-A783-4AC6-8699-2399495B3DE5}.Release|Any CPU.ActiveCfg = Release|Any CPU
		{F03C9FFE-A783-4AC6-8699-2399495B3DE5}.Release|Any CPU.Build.0 = Release|Any CPU
		{E0820553-C58B-4622-BABD-036FC86CC50C}.Debug|Any CPU.ActiveCfg = Debug|Any CPU
		{E0820553-C58B-4622-BABD-036FC86CC50C}.Debug|Any CPU.Build.0 = Debug|Any CPU
		{E0820553-C58B-4622-BABD-036FC86CC50C}.Release|Any CPU.ActiveCfg = Release|Any CPU
		{E0820553-C58B-4622-BABD-036FC86CC50C}.Release|Any CPU.Build.0 = Release|Any CPU
		{255FC55A-2EC3-42FC-B60C-FB8A0F3B37FC}.Debug|Any CPU.ActiveCfg = Debug|Any CPU
		{255FC55A-2EC3-42FC-B60C-FB8A0F3B37FC}.Debug|Any CPU.Build.0 = Debug|Any CPU
		{255FC55A-2EC3-42FC-B60C-FB8A0F3B37FC}.Release|Any CPU.ActiveCfg = Release|Any CPU
		{255FC55A-2EC3-42FC-B60C-FB8A0F3B37FC}.Release|Any CPU.Build.0 = Release|Any CPU
		{9B63AE4A-9450-441E-8DFB-B6FE7F39B9B4}.Debug|Any CPU.ActiveCfg = Debug|Any CPU
		{9B63AE4A-9450-441E-8DFB-B6FE7F39B9B4}.Debug|Any CPU.Build.0 = Debug|Any CPU
		{9B63AE4A-9450-441E-8DFB-B6FE7F39B9B4}.Release|Any CPU.ActiveCfg = Release|Any CPU
		{9B63AE4A-9450-441E-8DFB-B6FE7F39B9B4}.Release|Any CPU.Build.0 = Release|Any CPU
		{222AC974-28B0-42A3-B0FC-BAA3E214F0DA}.Debug|Any CPU.ActiveCfg = Debug|Any CPU
		{222AC974-28B0-42A3-B0FC-BAA3E214F0DA}.Debug|Any CPU.Build.0 = Debug|Any CPU
		{222AC974-28B0-42A3-B0FC-BAA3E214F0DA}.Release|Any CPU.ActiveCfg = Release|Any CPU
		{222AC974-28B0-42A3-B0FC-BAA3E214F0DA}.Release|Any CPU.Build.0 = Release|Any CPU
		{25B1270A-8076-4FB0-BD48-47C9BA82B6A5}.Debug|Any CPU.ActiveCfg = Debug|Any CPU
		{25B1270A-8076-4FB0-BD48-47C9BA82B6A5}.Debug|Any CPU.Build.0 = Debug|Any CPU
		{25B1270A-8076-4FB0-BD48-47C9BA82B6A5}.Release|Any CPU.ActiveCfg = Release|Any CPU
		{25B1270A-8076-4FB0-BD48-47C9BA82B6A5}.Release|Any CPU.Build.0 = Release|Any CPU
		{475DFDD8-A8EF-496B-B27B-D59067A8C143}.Debug|Any CPU.ActiveCfg = Debug|Any CPU
		{475DFDD8-A8EF-496B-B27B-D59067A8C143}.Debug|Any CPU.Build.0 = Debug|Any CPU
		{475DFDD8-A8EF-496B-B27B-D59067A8C143}.Release|Any CPU.ActiveCfg = Release|Any CPU
		{475DFDD8-A8EF-496B-B27B-D59067A8C143}.Release|Any CPU.Build.0 = Release|Any CPU
		{74DEF645-43D2-43FF-BB79-DC2D6BADDAE5}.Debug|Any CPU.ActiveCfg = Debug|Any CPU
		{74DEF645-43D2-43FF-BB79-DC2D6BADDAE5}.Debug|Any CPU.Build.0 = Debug|Any CPU
		{74DEF645-43D2-43FF-BB79-DC2D6BADDAE5}.Release|Any CPU.ActiveCfg = Release|Any CPU
		{74DEF645-43D2-43FF-BB79-DC2D6BADDAE5}.Release|Any CPU.Build.0 = Release|Any CPU
		{0871207E-0351-4FC4-9BAC-3ECCB2CBF300}.Debug|Any CPU.ActiveCfg = Debug|Any CPU
		{0871207E-0351-4FC4-9BAC-3ECCB2CBF300}.Debug|Any CPU.Build.0 = Debug|Any CPU
		{0871207E-0351-4FC4-9BAC-3ECCB2CBF300}.Release|Any CPU.ActiveCfg = Release|Any CPU
		{0871207E-0351-4FC4-9BAC-3ECCB2CBF300}.Release|Any CPU.Build.0 = Release|Any CPU
	EndGlobalSection
	GlobalSection(SolutionProperties) = preSolution
		HideSolutionNode = FALSE
	EndGlobalSection
	GlobalSection(NestedProjects) = preSolution
		{35F85D60-9358-43BA-95D6-F02FC131FF4C} = {1A23DEBA-7A6A-4F8E-9241-BA69F9A7D533}
		{F03C9FFE-A783-4AC6-8699-2399495B3DE5} = {1A23DEBA-7A6A-4F8E-9241-BA69F9A7D533}
		{E0820553-C58B-4622-BABD-036FC86CC50C} = {1A23DEBA-7A6A-4F8E-9241-BA69F9A7D533}
		{255FC55A-2EC3-42FC-B60C-FB8A0F3B37FC} = {1A23DEBA-7A6A-4F8E-9241-BA69F9A7D533}
		{9B63AE4A-9450-441E-8DFB-B6FE7F39B9B4} = {1A23DEBA-7A6A-4F8E-9241-BA69F9A7D533}
		{222AC974-28B0-42A3-B0FC-BAA3E214F0DA} = {1A23DEBA-7A6A-4F8E-9241-BA69F9A7D533}
		{25B1270A-8076-4FB0-BD48-47C9BA82B6A5} = {1A23DEBA-7A6A-4F8E-9241-BA69F9A7D533}
		{475DFDD8-A8EF-496B-B27B-D59067A8C143} = {1A23DEBA-7A6A-4F8E-9241-BA69F9A7D533}
		{74DEF645-43D2-43FF-BB79-DC2D6BADDAE5} = {1A23DEBA-7A6A-4F8E-9241-BA69F9A7D533}
		{0871207E-0351-4FC4-9BAC-3ECCB2CBF300} = {1A23DEBA-7A6A-4F8E-9241-BA69F9A7D533}
	EndGlobalSection
	GlobalSection(ExtensibilityGlobals) = postSolution
		SolutionGuid = {0117D0AC-B2C6-456E-BCF5-7FB60137A77C}
	EndGlobalSection
EndGlobal
